// !$*UTF8*$!
{
	archiveVersion = 1;
	classes = {
	};
	objectVersion = 56;
	objects = {

/* Begin PBXBuildFile section */
		3C133CB22A82762C0048C2F0 /* search.swift in Sources */ = {isa = PBXBuildFile; fileRef = 3C133CB12A82762C0048C2F0 /* search.swift */; };
		3C133CB42A8276360048C2F0 /* data.swift in Sources */ = {isa = PBXBuildFile; fileRef = 3C133CB32A8276360048C2F0 /* data.swift */; };
		3C133CB62A8280C70048C2F0 /* stars.swift in Sources */ = {isa = PBXBuildFile; fileRef = 3C133CB52A8280C70048C2F0 /* stars.swift */; };
		3C395E522A793F41007C7BAC /* PadleEaseApp.swift in Sources */ = {isa = PBXBuildFile; fileRef = 3C395E512A793F41007C7BAC /* PadleEaseApp.swift */; };
		3C395E542A793F41007C7BAC /* ContentView.swift in Sources */ = {isa = PBXBuildFile; fileRef = 3C395E532A793F41007C7BAC /* ContentView.swift */; };
		3C395E562A793F42007C7BAC /* Assets.xcassets in Resources */ = {isa = PBXBuildFile; fileRef = 3C395E552A793F42007C7BAC /* Assets.xcassets */; };
		3C395E592A793F42007C7BAC /* Preview Assets.xcassets in Resources */ = {isa = PBXBuildFile; fileRef = 3C395E582A793F42007C7BAC /* Preview Assets.xcassets */; };
		3C395E622A794490007C7BAC /* CourtModel.swift in Sources */ = {isa = PBXBuildFile; fileRef = 3C395E612A794490007C7BAC /* CourtModel.swift */; };
		3C395EA22A7BA4BA007C7BAC /* reservaion.swift in Sources */ = {isa = PBXBuildFile; fileRef = 3C395EA12A7BA4BA007C7BAC /* reservaion.swift */; };
		3C395EAC2A7C3E31007C7BAC /* Prevrevervaions.swift in Sources */ = {isa = PBXBuildFile; fileRef = 3C395EAB2A7C3E31007C7BAC /* Prevrevervaions.swift */; };
		3C395EAE2A7C3E63007C7BAC /* tapBar.swift in Sources */ = {isa = PBXBuildFile; fileRef = 3C395EAD2A7C3E63007C7BAC /* tapBar.swift */; };
		3C395EB22A7FBDE0007C7BAC /* Payment.swift in Sources */ = {isa = PBXBuildFile; fileRef = 3C395EB12A7FBDE0007C7BAC /* Payment.swift */; };
		3C395EB42A7FC0A2007C7BAC /* booking.swift in Sources */ = {isa = PBXBuildFile; fileRef = 3C395EB32A7FC0A2007C7BAC /* booking.swift */; };
		3C395EB62A7FCCFF007C7BAC /* yourPayment.swift in Sources */ = {isa = PBXBuildFile; fileRef = 3C395EB52A7FCCFF007C7BAC /* yourPayment.swift */; };
		3C395EB82A810A56007C7BAC /* Profile.swift in Sources */ = {isa = PBXBuildFile; fileRef = 3C395EB72A810A56007C7BAC /* Profile.swift */; };
		3C395EBA2A812F15007C7BAC /* ReservationDetails.swift in Sources */ = {isa = PBXBuildFile; fileRef = 3C395EB92A812F15007C7BAC /* ReservationDetails.swift */; };
		3E367C852A866250007C952E /* profileInfo.swift in Sources */ = {isa = PBXBuildFile; fileRef = 3E367C842A866250007C952E /* profileInfo.swift */; };
		3E37A2A92A83B9C500698475 /* UserViewModel.swift in Sources */ = {isa = PBXBuildFile; fileRef = 3E37A2A82A83B9C500698475 /* UserViewModel.swift */; };
		3EE92C3F2A8906F7000FE2D3 /* CourtView.swift in Sources */ = {isa = PBXBuildFile; fileRef = 3EE92C3E2A8906F7000FE2D3 /* CourtView.swift */; };
		3EE92C412A89111D000FE2D3 /* Likes.swift in Sources */ = {isa = PBXBuildFile; fileRef = 3EE92C402A89111D000FE2D3 /* Likes.swift */; };
		3EE92C432A8920F3000FE2D3 /* screen.swift in Sources */ = {isa = PBXBuildFile; fileRef = 3EE92C422A8920F3000FE2D3 /* screen.swift */; };
		3EE92C452A8920FF000FE2D3 /* card.swift in Sources */ = {isa = PBXBuildFile; fileRef = 3EE92C442A8920FF000FE2D3 /* card.swift */; };
		3EE92C492A892181000FE2D3 /* PaymentMethod.swift in Sources */ = {isa = PBXBuildFile; fileRef = 3EE92C482A892181000FE2D3 /* PaymentMethod.swift */; };
		3EE92C4B2A8922A9000FE2D3 /* cardViewModel.swift in Sources */ = {isa = PBXBuildFile; fileRef = 3EE92C4A2A8922A9000FE2D3 /* cardViewModel.swift */; };
		3EE92C4D2A89233E000FE2D3 /* Item.swift in Sources */ = {isa = PBXBuildFile; fileRef = 3EE92C4C2A89233E000FE2D3 /* Item.swift */; };
		3EE92C4F2A8A51B5000FE2D3 /* splash.swift in Sources */ = {isa = PBXBuildFile; fileRef = 3EE92C4E2A8A51B5000FE2D3 /* splash.swift */; };
/* End PBXBuildFile section */

/* Begin PBXFileReference section */
		3C133CB12A82762C0048C2F0 /* search.swift */ = {isa = PBXFileReference; lastKnownFileType = sourcecode.swift; path = search.swift; sourceTree = "<group>"; };
		3C133CB32A8276360048C2F0 /* data.swift */ = {isa = PBXFileReference; lastKnownFileType = sourcecode.swift; path = data.swift; sourceTree = "<group>"; };
		3C133CB52A8280C70048C2F0 /* stars.swift */ = {isa = PBXFileReference; lastKnownFileType = sourcecode.swift; path = stars.swift; sourceTree = "<group>"; };
		3C395E4E2A793F41007C7BAC /* PadleEase.app */ = {isa = PBXFileReference; explicitFileType = wrapper.application; includeInIndex = 0; path = PadleEase.app; sourceTree = BUILT_PRODUCTS_DIR; };
		3C395E512A793F41007C7BAC /* PadleEaseApp.swift */ = {isa = PBXFileReference; lastKnownFileType = sourcecode.swift; path = PadleEaseApp.swift; sourceTree = "<group>"; };
		3C395E532A793F41007C7BAC /* ContentView.swift */ = {isa = PBXFileReference; lastKnownFileType = sourcecode.swift; path = ContentView.swift; sourceTree = "<group>"; };
		3C395E552A793F42007C7BAC /* Assets.xcassets */ = {isa = PBXFileReference; lastKnownFileType = folder.assetcatalog; path = Assets.xcassets; sourceTree = "<group>"; };
		3C395E582A793F42007C7BAC /* Preview Assets.xcassets */ = {isa = PBXFileReference; lastKnownFileType = folder.assetcatalog; path = "Preview Assets.xcassets"; sourceTree = "<group>"; };
		3C395E612A794490007C7BAC /* CourtModel.swift */ = {isa = PBXFileReference; lastKnownFileType = sourcecode.swift; path = CourtModel.swift; sourceTree = "<group>"; };
		3C395EA12A7BA4BA007C7BAC /* reservaion.swift */ = {isa = PBXFileReference; lastKnownFileType = sourcecode.swift; path = reservaion.swift; sourceTree = "<group>"; };
		3C395EAB2A7C3E31007C7BAC /* Prevrevervaions.swift */ = {isa = PBXFileReference; lastKnownFileType = sourcecode.swift; path = Prevrevervaions.swift; sourceTree = "<group>"; };
		3C395EAD2A7C3E63007C7BAC /* tapBar.swift */ = {isa = PBXFileReference; lastKnownFileType = sourcecode.swift; path = tapBar.swift; sourceTree = "<group>"; };
		3C395EB12A7FBDE0007C7BAC /* Payment.swift */ = {isa = PBXFileReference; lastKnownFileType = sourcecode.swift; path = Payment.swift; sourceTree = "<group>"; };
		3C395EB32A7FC0A2007C7BAC /* booking.swift */ = {isa = PBXFileReference; lastKnownFileType = sourcecode.swift; path = booking.swift; sourceTree = "<group>"; };
		3C395EB52A7FCCFF007C7BAC /* yourPayment.swift */ = {isa = PBXFileReference; lastKnownFileType = sourcecode.swift; path = yourPayment.swift; sourceTree = "<group>"; };
		3C395EB72A810A56007C7BAC /* Profile.swift */ = {isa = PBXFileReference; lastKnownFileType = sourcecode.swift; path = Profile.swift; sourceTree = "<group>"; };
		3C395EB92A812F15007C7BAC /* ReservationDetails.swift */ = {isa = PBXFileReference; lastKnownFileType = sourcecode.swift; path = ReservationDetails.swift; sourceTree = "<group>"; };
		3E367C842A866250007C952E /* profileInfo.swift */ = {isa = PBXFileReference; lastKnownFileType = sourcecode.swift; path = profileInfo.swift; sourceTree = "<group>"; };
		3E37A2A82A83B9C500698475 /* UserViewModel.swift */ = {isa = PBXFileReference; lastKnownFileType = sourcecode.swift; path = UserViewModel.swift; sourceTree = "<group>"; };
		3EE92C3E2A8906F7000FE2D3 /* CourtView.swift */ = {isa = PBXFileReference; lastKnownFileType = sourcecode.swift; path = CourtView.swift; sourceTree = "<group>"; };
		3EE92C402A89111D000FE2D3 /* Likes.swift */ = {isa = PBXFileReference; lastKnownFileType = sourcecode.swift; path = Likes.swift; sourceTree = "<group>"; };
		3EE92C422A8920F3000FE2D3 /* screen.swift */ = {isa = PBXFileReference; lastKnownFileType = sourcecode.swift; path = screen.swift; sourceTree = "<group>"; };
		3EE92C442A8920FF000FE2D3 /* card.swift */ = {isa = PBXFileReference; lastKnownFileType = sourcecode.swift; path = card.swift; sourceTree = "<group>"; };
		3EE92C482A892181000FE2D3 /* PaymentMethod.swift */ = {isa = PBXFileReference; lastKnownFileType = sourcecode.swift; path = PaymentMethod.swift; sourceTree = "<group>"; };
		3EE92C4A2A8922A9000FE2D3 /* cardViewModel.swift */ = {isa = PBXFileReference; lastKnownFileType = sourcecode.swift; path = cardViewModel.swift; sourceTree = "<group>"; };
		3EE92C4C2A89233E000FE2D3 /* Item.swift */ = {isa = PBXFileReference; lastKnownFileType = sourcecode.swift; path = Item.swift; sourceTree = "<group>"; };
		3EE92C4E2A8A51B5000FE2D3 /* splash.swift */ = {isa = PBXFileReference; lastKnownFileType = sourcecode.swift; path = splash.swift; sourceTree = "<group>"; };
/* End PBXFileReference section */

/* Begin PBXFrameworksBuildPhase section */
		3C395E4B2A793F41007C7BAC /* Frameworks */ = {
			isa = PBXFrameworksBuildPhase;
			buildActionMask = 2147483647;
			files = (
			);
			runOnlyForDeploymentPostprocessing = 0;
		};
/* End PBXFrameworksBuildPhase section */

/* Begin PBXGroup section */
		3C395E452A793F41007C7BAC = {
			isa = PBXGroup;
			children = (
				3C395E502A793F41007C7BAC /* PadleEase */,
				3C395E4F2A793F41007C7BAC /* Products */,
			);
			sourceTree = "<group>";
		};
		3C395E4F2A793F41007C7BAC /* Products */ = {
			isa = PBXGroup;
			children = (
				3C395E4E2A793F41007C7BAC /* PadleEase.app */,
			);
			name = Products;
			sourceTree = "<group>";
		};
		3C395E502A793F41007C7BAC /* PadleEase */ = {
			isa = PBXGroup;
			children = (
				3C395E512A793F41007C7BAC /* PadleEaseApp.swift */,
				3C395E532A793F41007C7BAC /* ContentView.swift */,
				3C395EAB2A7C3E31007C7BAC /* Prevrevervaions.swift */,
				3EE92C3E2A8906F7000FE2D3 /* CourtView.swift */,
				3EE92C4E2A8A51B5000FE2D3 /* splash.swift */,
				3C395EAD2A7C3E63007C7BAC /* tapBar.swift */,
				3EE92C422A8920F3000FE2D3 /* screen.swift */,
				3EE92C4A2A8922A9000FE2D3 /* cardViewModel.swift */,
				3EE92C442A8920FF000FE2D3 /* card.swift */,
				3EE92C4C2A89233E000FE2D3 /* Item.swift */,
				3C395EA12A7BA4BA007C7BAC /* reservaion.swift */,
				3E37A2A82A83B9C500698475 /* UserViewModel.swift */,
				3C395EB12A7FBDE0007C7BAC /* Payment.swift */,
				3EE92C482A892181000FE2D3 /* PaymentMethod.swift */,
				3C395EB72A810A56007C7BAC /* Profile.swift */,
				3C395EB92A812F15007C7BAC /* ReservationDetails.swift */,
				3C133CB12A82762C0048C2F0 /* search.swift */,
				3EE92C402A89111D000FE2D3 /* Likes.swift */,
				3E367C842A866250007C952E /* profileInfo.swift */,
				3C133CB32A8276360048C2F0 /* data.swift */,
				3C133CB52A8280C70048C2F0 /* stars.swift */,
				3C395EB52A7FCCFF007C7BAC /* yourPayment.swift */,
				3C395EB32A7FC0A2007C7BAC /* booking.swift */,
				3C395E612A794490007C7BAC /* CourtModel.swift */,
				3C395E552A793F42007C7BAC /* Assets.xcassets */,
				3C395E572A793F42007C7BAC /* Preview Content */,
			);
			path = PadleEase;
			sourceTree = "<group>";
		};
		3C395E572A793F42007C7BAC /* Preview Content */ = {
			isa = PBXGroup;
			children = (
				3C395E582A793F42007C7BAC /* Preview Assets.xcassets */,
			);
			path = "Preview Content";
			sourceTree = "<group>";
		};
/* End PBXGroup section */

/* Begin PBXNativeTarget section */
		3C395E4D2A793F41007C7BAC /* PadleEase */ = {
			isa = PBXNativeTarget;
			buildConfigurationList = 3C395E5C2A793F42007C7BAC /* Build configuration list for PBXNativeTarget "PadleEase" */;
			buildPhases = (
				3C395E4A2A793F41007C7BAC /* Sources */,
				3C395E4B2A793F41007C7BAC /* Frameworks */,
				3C395E4C2A793F41007C7BAC /* Resources */,
			);
			buildRules = (
			);
			dependencies = (
			);
			name = PadleEase;
			productName = PadleEase;
			productReference = 3C395E4E2A793F41007C7BAC /* PadleEase.app */;
			productType = "com.apple.product-type.application";
		};
/* End PBXNativeTarget section */

/* Begin PBXProject section */
		3C395E462A793F41007C7BAC /* Project object */ = {
			isa = PBXProject;
			attributes = {
				BuildIndependentTargetsInParallel = 1;
				LastSwiftUpdateCheck = 1430;
				LastUpgradeCheck = 1430;
				TargetAttributes = {
					3C395E4D2A793F41007C7BAC = {
						CreatedOnToolsVersion = 14.3.1;
					};
				};
			};
			buildConfigurationList = 3C395E492A793F41007C7BAC /* Build configuration list for PBXProject "PadleEase" */;
			compatibilityVersion = "Xcode 14.0";
			developmentRegion = en;
			hasScannedForEncodings = 0;
			knownRegions = (
				en,
				Base,
			);
			mainGroup = 3C395E452A793F41007C7BAC;
			productRefGroup = 3C395E4F2A793F41007C7BAC /* Products */;
			projectDirPath = "";
			projectRoot = "";
			targets = (
				3C395E4D2A793F41007C7BAC /* PadleEase */,
			);
		};
/* End PBXProject section */

/* Begin PBXResourcesBuildPhase section */
		3C395E4C2A793F41007C7BAC /* Resources */ = {
			isa = PBXResourcesBuildPhase;
			buildActionMask = 2147483647;
			files = (
				3C395E592A793F42007C7BAC /* Preview Assets.xcassets in Resources */,
				3C395E562A793F42007C7BAC /* Assets.xcassets in Resources */,
			);
			runOnlyForDeploymentPostprocessing = 0;
		};
/* End PBXResourcesBuildPhase section */

/* Begin PBXSourcesBuildPhase section */
		3C395E4A2A793F41007C7BAC /* Sources */ = {
			isa = PBXSourcesBuildPhase;
			buildActionMask = 2147483647;
			files = (
				3C395E542A793F41007C7BAC /* ContentView.swift in Sources */,
				3E367C852A866250007C952E /* profileInfo.swift in Sources */,
				3EE92C4F2A8A51B5000FE2D3 /* splash.swift in Sources */,
				3C395EB82A810A56007C7BAC /* Profile.swift in Sources */,
				3EE92C492A892181000FE2D3 /* PaymentMethod.swift in Sources */,
				3C395EB62A7FCCFF007C7BAC /* yourPayment.swift in Sources */,
				3C133CB62A8280C70048C2F0 /* stars.swift in Sources */,
				3EE92C4D2A89233E000FE2D3 /* Item.swift in Sources */,
				3EE92C4B2A8922A9000FE2D3 /* cardViewModel.swift in Sources */,
				3C395EAC2A7C3E31007C7BAC /* Prevrevervaions.swift in Sources */,
				3C133CB22A82762C0048C2F0 /* search.swift in Sources */,
				3EE92C412A89111D000FE2D3 /* Likes.swift in Sources */,
				3C395E522A793F41007C7BAC /* PadleEaseApp.swift in Sources */,
				3C395EAE2A7C3E63007C7BAC /* tapBar.swift in Sources */,
				3EE92C432A8920F3000FE2D3 /* screen.swift in Sources */,
				3EE92C452A8920FF000FE2D3 /* card.swift in Sources */,
				3C395EB42A7FC0A2007C7BAC /* booking.swift in Sources */,
				3C395EBA2A812F15007C7BAC /* ReservationDetails.swift in Sources */,
				3C395E622A794490007C7BAC /* CourtModel.swift in Sources */,
				3C395EB22A7FBDE0007C7BAC /* Payment.swift in Sources */,
				3EE92C3F2A8906F7000FE2D3 /* CourtView.swift in Sources */,
				3E37A2A92A83B9C500698475 /* UserViewModel.swift in Sources */,
				3C133CB42A8276360048C2F0 /* data.swift in Sources */,
				3C395EA22A7BA4BA007C7BAC /* reservaion.swift in Sources */,
			);
			runOnlyForDeploymentPostprocessing = 0;
		};
/* End PBXSourcesBuildPhase section */

/* Begin XCBuildConfiguration section */
		3C395E5A2A793F42007C7BAC /* Debug */ = {
			isa = XCBuildConfiguration;
			buildSettings = {
				ALWAYS_SEARCH_USER_PATHS = NO;
				CLANG_ANALYZER_NONNULL = YES;
				CLANG_ANALYZER_NUMBER_OBJECT_CONVERSION = YES_AGGRESSIVE;
				CLANG_CXX_LANGUAGE_STANDARD = "gnu++20";
				CLANG_ENABLE_MODULES = YES;
				CLANG_ENABLE_OBJC_ARC = YES;
				CLANG_ENABLE_OBJC_WEAK = YES;
				CLANG_WARN_BLOCK_CAPTURE_AUTORELEASING = YES;
				CLANG_WARN_BOOL_CONVERSION = YES;
				CLANG_WARN_COMMA = YES;
				CLANG_WARN_CONSTANT_CONVERSION = YES;
				CLANG_WARN_DEPRECATED_OBJC_IMPLEMENTATIONS = YES;
				CLANG_WARN_DIRECT_OBJC_ISA_USAGE = YES_ERROR;
				CLANG_WARN_DOCUMENTATION_COMMENTS = YES;
				CLANG_WARN_EMPTY_BODY = YES;
				CLANG_WARN_ENUM_CONVERSION = YES;
				CLANG_WARN_INFINITE_RECURSION = YES;
				CLANG_WARN_INT_CONVERSION = YES;
				CLANG_WARN_NON_LITERAL_NULL_CONVERSION = YES;
				CLANG_WARN_OBJC_IMPLICIT_RETAIN_SELF = YES;
				CLANG_WARN_OBJC_LITERAL_CONVERSION = YES;
				CLANG_WARN_OBJC_ROOT_CLASS = YES_ERROR;
				CLANG_WARN_QUOTED_INCLUDE_IN_FRAMEWORK_HEADER = YES;
				CLANG_WARN_RANGE_LOOP_ANALYSIS = YES;
				CLANG_WARN_STRICT_PROTOTYPES = YES;
				CLANG_WARN_SUSPICIOUS_MOVE = YES;
				CLANG_WARN_UNGUARDED_AVAILABILITY = YES_AGGRESSIVE;
				CLANG_WARN_UNREACHABLE_CODE = YES;
				CLANG_WARN__DUPLICATE_METHOD_MATCH = YES;
				COPY_PHASE_STRIP = NO;
				DEBUG_INFORMATION_FORMAT = dwarf;
				ENABLE_STRICT_OBJC_MSGSEND = YES;
				ENABLE_TESTABILITY = YES;
				GCC_C_LANGUAGE_STANDARD = gnu11;
				GCC_DYNAMIC_NO_PIC = NO;
				GCC_NO_COMMON_BLOCKS = YES;
				GCC_OPTIMIZATION_LEVEL = 0;
				GCC_PREPROCESSOR_DEFINITIONS = (
					"DEBUG=1",
					"$(inherited)",
				);
				GCC_WARN_64_TO_32_BIT_CONVERSION = YES;
				GCC_WARN_ABOUT_RETURN_TYPE = YES_ERROR;
				GCC_WARN_UNDECLARED_SELECTOR = YES;
				GCC_WARN_UNINITIALIZED_AUTOS = YES_AGGRESSIVE;
				GCC_WARN_UNUSED_FUNCTION = YES;
				GCC_WARN_UNUSED_VARIABLE = YES;
				IPHONEOS_DEPLOYMENT_TARGET = 16.4;
				MTL_ENABLE_DEBUG_INFO = INCLUDE_SOURCE;
				MTL_FAST_MATH = YES;
				ONLY_ACTIVE_ARCH = YES;
				SDKROOT = iphoneos;
				SWIFT_ACTIVE_COMPILATION_CONDITIONS = DEBUG;
				SWIFT_OPTIMIZATION_LEVEL = "-Onone";
			};
			name = Debug;
		};
		3C395E5B2A793F42007C7BAC /* Release */ = {
			isa = XCBuildConfiguration;
			buildSettings = {
				ALWAYS_SEARCH_USER_PATHS = NO;
				CLANG_ANALYZER_NONNULL = YES;
				CLANG_ANALYZER_NUMBER_OBJECT_CONVERSION = YES_AGGRESSIVE;
				CLANG_CXX_LANGUAGE_STANDARD = "gnu++20";
				CLANG_ENABLE_MODULES = YES;
				CLANG_ENABLE_OBJC_ARC = YES;
				CLANG_ENABLE_OBJC_WEAK = YES;
				CLANG_WARN_BLOCK_CAPTURE_AUTORELEASING = YES;
				CLANG_WARN_BOOL_CONVERSION = YES;
				CLANG_WARN_COMMA = YES;
				CLANG_WARN_CONSTANT_CONVERSION = YES;
				CLANG_WARN_DEPRECATED_OBJC_IMPLEMENTATIONS = YES;
				CLANG_WARN_DIRECT_OBJC_ISA_USAGE = YES_ERROR;
				CLANG_WARN_DOCUMENTATION_COMMENTS = YES;
				CLANG_WARN_EMPTY_BODY = YES;
				CLANG_WARN_ENUM_CONVERSION = YES;
				CLANG_WARN_INFINITE_RECURSION = YES;
				CLANG_WARN_INT_CONVERSION = YES;
				CLANG_WARN_NON_LITERAL_NULL_CONVERSION = YES;
				CLANG_WARN_OBJC_IMPLICIT_RETAIN_SELF = YES;
				CLANG_WARN_OBJC_LITERAL_CONVERSION = YES;
				CLANG_WARN_OBJC_ROOT_CLASS = YES_ERROR;
				CLANG_WARN_QUOTED_INCLUDE_IN_FRAMEWORK_HEADER = YES;
				CLANG_WARN_RANGE_LOOP_ANALYSIS = YES;
				CLANG_WARN_STRICT_PROTOTYPES = YES;
				CLANG_WARN_SUSPICIOUS_MOVE = YES;
				CLANG_WARN_UNGUARDED_AVAILABILITY = YES_AGGRESSIVE;
				CLANG_WARN_UNREACHABLE_CODE = YES;
				CLANG_WARN__DUPLICATE_METHOD_MATCH = YES;
				COPY_PHASE_STRIP = NO;
				DEBUG_INFORMATION_FORMAT = "dwarf-with-dsym";
				ENABLE_NS_ASSERTIONS = NO;
				ENABLE_STRICT_OBJC_MSGSEND = YES;
				GCC_C_LANGUAGE_STANDARD = gnu11;
				GCC_NO_COMMON_BLOCKS = YES;
				GCC_WARN_64_TO_32_BIT_CONVERSION = YES;
				GCC_WARN_ABOUT_RETURN_TYPE = YES_ERROR;
				GCC_WARN_UNDECLARED_SELECTOR = YES;
				GCC_WARN_UNINITIALIZED_AUTOS = YES_AGGRESSIVE;
				GCC_WARN_UNUSED_FUNCTION = YES;
				GCC_WARN_UNUSED_VARIABLE = YES;
				IPHONEOS_DEPLOYMENT_TARGET = 16.4;
				MTL_ENABLE_DEBUG_INFO = NO;
				MTL_FAST_MATH = YES;
				SDKROOT = iphoneos;
				SWIFT_COMPILATION_MODE = wholemodule;
				SWIFT_OPTIMIZATION_LEVEL = "-O";
				VALIDATE_PRODUCT = YES;
			};
			name = Release;
		};
		3C395E5D2A793F42007C7BAC /* Debug */ = {
			isa = XCBuildConfiguration;
			buildSettings = {
				ASSETCATALOG_COMPILER_APPICON_NAME = AppIcon;
				ASSETCATALOG_COMPILER_GLOBAL_ACCENT_COLOR_NAME = AccentColor;
				CODE_SIGN_STYLE = Automatic;
				CURRENT_PROJECT_VERSION = 1;
				DEVELOPMENT_ASSET_PATHS = "\"PadleEase/Preview Content\"";
				ENABLE_PREVIEWS = YES;
				GENERATE_INFOPLIST_FILE = YES;
				INFOPLIST_KEY_UIApplicationSceneManifest_Generation = YES;
				INFOPLIST_KEY_UIApplicationSupportsIndirectInputEvents = YES;
				INFOPLIST_KEY_UILaunchScreen_Generation = YES;
				INFOPLIST_KEY_UISupportedInterfaceOrientations_iPad = "UIInterfaceOrientationPortrait UIInterfaceOrientationPortraitUpsideDown UIInterfaceOrientationLandscapeLeft UIInterfaceOrientationLandscapeRight";
				INFOPLIST_KEY_UISupportedInterfaceOrientations_iPhone = "UIInterfaceOrientationPortrait UIInterfaceOrientationLandscapeLeft UIInterfaceOrientationLandscapeRight";
				LD_RUNPATH_SEARCH_PATHS = (
					"$(inherited)",
					"@executable_path/Frameworks",
				);
				MARKETING_VERSION = 1.0;
				PRODUCT_BUNDLE_IDENTIFIER = s.PadleEase;
				PRODUCT_NAME = "$(TARGET_NAME)";
				SWIFT_EMIT_LOC_STRINGS = YES;
				SWIFT_VERSION = 5.0;
				TARGETED_DEVICE_FAMILY = "1,2";
			};
			name = Debug;
		};
		3C395E5E2A793F42007C7BAC /* Release */ = {
			isa = XCBuildConfiguration;
			buildSettings = {
				ASSETCATALOG_COMPILER_APPICON_NAME = AppIcon;
				ASSETCATALOG_COMPILER_GLOBAL_ACCENT_COLOR_NAME = AccentColor;
				CODE_SIGN_STYLE = Automatic;
				CURRENT_PROJECT_VERSION = 1;
				DEVELOPMENT_ASSET_PATHS = "\"PadleEase/Preview Content\"";
				ENABLE_PREVIEWS = YES;
				GENERATE_INFOPLIST_FILE = YES;
				INFOPLIST_KEY_UIApplicationSceneManifest_Generation = YES;
				INFOPLIST_KEY_UIApplicationSupportsIndirectInputEvents = YES;
				INFOPLIST_KEY_UILaunchScreen_Generation = YES;
				INFOPLIST_KEY_UISupportedInterfaceOrientations_iPad = "UIInterfaceOrientationPortrait UIInterfaceOrientationPortraitUpsideDown UIInterfaceOrientationLandscapeLeft UIInterfaceOrientationLandscapeRight";
				INFOPLIST_KEY_UISupportedInterfaceOrientations_iPhone = "UIInterfaceOrientationPortrait UIInterfaceOrientationLandscapeLeft UIInterfaceOrientationLandscapeRight";
				LD_RUNPATH_SEARCH_PATHS = (
					"$(inherited)",
					"@executable_path/Frameworks",
				);
				MARKETING_VERSION = 1.0;
				PRODUCT_BUNDLE_IDENTIFIER = s.PadleEase;
				PRODUCT_NAME = "$(TARGET_NAME)";
				SWIFT_EMIT_LOC_STRINGS = YES;
				SWIFT_VERSION = 5.0;
				TARGETED_DEVICE_FAMILY = "1,2";
			};
			name = Release;
		};
/* End XCBuildConfiguration section */

/* Begin XCConfigurationList section */
		3C395E492A793F41007C7BAC /* Build configuration list for PBXProject "PadleEase" */ = {
			isa = XCConfigurationList;
			buildConfigurations = (
				3C395E5A2A793F42007C7BAC /* Debug */,
				3C395E5B2A793F42007C7BAC /* Release */,
			);
			defaultConfigurationIsVisible = 0;
			defaultConfigurationName = Release;
		};
		3C395E5C2A793F42007C7BAC /* Build configuration list for PBXNativeTarget "PadleEase" */ = {
			isa = XCConfigurationList;
			buildConfigurations = (
				3C395E5D2A793F42007C7BAC /* Debug */,
				3C395E5E2A793F42007C7BAC /* Release */,
			);
			defaultConfigurationIsVisible = 0;
			defaultConfigurationName = Release;
		};
/* End XCConfigurationList section */
	};
	rootObject = 3C395E462A793F41007C7BAC /* Project object */;
}
